# This file is automatically @generated by Cargo.
# It is not intended for manual editing.
version = 3

[[package]]
name = "wasm_runner"
version = "0.1.0"
dependencies = [
 "wasmparser",
]

[[package]]
name = "wasmparser"
version = "0.82.0"
source = "registry+https://github.com/rust-lang/crates.io-index"
checksum = "0559cc0f1779240d6f894933498877ea94f693d84f3ee39c9a9932c6c312bd70"
